
Microsoft Visual Studio Solution File, Format Version 12.00
# Visual Studio Version 16
VisualStudioVersion = 16.0.29709.97
MinimumVisualStudioVersion = 10.0.40219.1
Project("{FAE04EC0-301F-11D3-BF4B-00C04F79EFBC}") = "BlueBadgeProject", "BlueBadgeProject\BlueBadgeProject.csproj", "{9E55BC45-F567-4E00-8241-08724493C19F}"
EndProject
Project("{FAE04EC0-301F-11D3-BF4B-00C04F79EFBC}") = "OurTunes.Data", "OurTunes.Data\OurTunes.Data.csproj", "{98ECC7F9-C746-42A6-9F40-54DE5AA136F2}"
EndProject
Project("{FAE04EC0-301F-11D3-BF4B-00C04F79EFBC}") = "OurTunes.Model", "OurTunes.Model\OurTunes.Model.csproj", "{8E608B52-B2D1-4217-BB28-E67490DDD460}"
EndProject
Project("{FAE04EC0-301F-11D3-BF4B-00C04F79EFBC}") = "OurTunes.Service", "OurTunes.Service\OurTunes.Service.csproj", "{A762657D-33E4-42E0-BAC2-89CF22560C15}"
EndProject
Project("{2150E333-8FDC-42A3-9474-1A3956D46DE8}") = "Solution Items", "Solution Items", "{FCC24772-95A4-42E9-8647-563A66CAAE70}"
	ProjectSection(SolutionItems) = preProject
		.editorconfig = .editorconfig
	EndProjectSection
EndProject
Global
	GlobalSection(SolutionConfigurationPlatforms) = preSolution
		Debug|Any CPU = Debug|Any CPU
		Release|Any CPU = Release|Any CPU
	EndGlobalSection
	GlobalSection(ProjectConfigurationPlatforms) = postSolution
		{9E55BC45-F567-4E00-8241-08724493C19F}.Debug|Any CPU.ActiveCfg = Debug|Any CPU
		{9E55BC45-F567-4E00-8241-08724493C19F}.Debug|Any CPU.Build.0 = Debug|Any CPU
		{9E55BC45-F567-4E00-8241-08724493C19F}.Release|Any CPU.ActiveCfg = Release|Any CPU
		{9E55BC45-F567-4E00-8241-08724493C19F}.Release|Any CPU.Build.0 = Release|Any CPU
		{98ECC7F9-C746-42A6-9F40-54DE5AA136F2}.Debug|Any CPU.ActiveCfg = Debug|Any CPU
		{98ECC7F9-C746-42A6-9F40-54DE5AA136F2}.Debug|Any CPU.Build.0 = Debug|Any CPU
		{98ECC7F9-C746-42A6-9F40-54DE5AA136F2}.Release|Any CPU.ActiveCfg = Release|Any CPU
		{98ECC7F9-C746-42A6-9F40-54DE5AA136F2}.Release|Any CPU.Build.0 = Release|Any CPU
		{8E608B52-B2D1-4217-BB28-E67490DDD460}.Debug|Any CPU.ActiveCfg = Debug|Any CPU
		{8E608B52-B2D1-4217-BB28-E67490DDD460}.Debug|Any CPU.Build.0 = Debug|Any CPU
		{8E608B52-B2D1-4217-BB28-E67490DDD460}.Release|Any CPU.ActiveCfg = Release|Any CPU
		{8E608B52-B2D1-4217-BB28-E67490DDD460}.Release|Any CPU.Build.0 = Release|Any CPU
		{A762657D-33E4-42E0-BAC2-89CF22560C15}.Debug|Any CPU.ActiveCfg = Debug|Any CPU
		{A762657D-33E4-42E0-BAC2-89CF22560C15}.Debug|Any CPU.Build.0 = Debug|Any CPU
		{A762657D-33E4-42E0-BAC2-89CF22560C15}.Release|Any CPU.ActiveCfg = Release|Any CPU
		{A762657D-33E4-42E0-BAC2-89CF22560C15}.Release|Any CPU.Build.0 = Release|Any CPU
	EndGlobalSection
	GlobalSection(SolutionProperties) = preSolution
		HideSolutionNode = FALSE
	EndGlobalSection
	GlobalSection(ExtensibilityGlobals) = postSolution
		SolutionGuid = {B3A55778-5F16-4A2C-BFA0-1AD709457231}
	EndGlobalSection
EndGlobal
